// !$*UTF8*$!
{
	archiveVersion = 1;
	classes = {
	};
	objectVersion = 56;
	objects = {

/* Begin PBXBuildFile section */
		E9055A302B817F2E006CF2BE /* HSCycleGalleryViewLayout.swift in Sources */ = {isa = PBXBuildFile; fileRef = E9055A2E2B817F2E006CF2BE /* HSCycleGalleryViewLayout.swift */; };
		E9055A312B817F2E006CF2BE /* HSCycleGalleryView.swift in Sources */ = {isa = PBXBuildFile; fileRef = E9055A2F2B817F2E006CF2BE /* HSCycleGalleryView.swift */; };
		E93A328F2B84A55400C1BBB7 /* AllRecommendationsViewController.swift in Sources */ = {isa = PBXBuildFile; fileRef = E93A328E2B84A55400C1BBB7 /* AllRecommendationsViewController.swift */; };
		E93A32932B84A5B800C1BBB7 /* AllRecommendationsView.swift in Sources */ = {isa = PBXBuildFile; fileRef = E93A32922B84A5B800C1BBB7 /* AllRecommendationsView.swift */; };
		E93A32992B85EDFA00C1BBB7 /* ItemCardTableViewCell.swift in Sources */ = {isa = PBXBuildFile; fileRef = E93A32982B85EDFA00C1BBB7 /* ItemCardTableViewCell.swift */; };
		E93A329E2B86703D00C1BBB7 /* ItemCardTemplate.swift in Sources */ = {isa = PBXBuildFile; fileRef = E93A329D2B86703D00C1BBB7 /* ItemCardTemplate.swift */; };
		E96032CB2B88148800F026B5 /* PlaceDetailsBottomSheetView.swift in Sources */ = {isa = PBXBuildFile; fileRef = E96032CA2B88148800F026B5 /* PlaceDetailsBottomSheetView.swift */; };
		E96032CD2B8815DD00F026B5 /* RouteDetailsModel.swift in Sources */ = {isa = PBXBuildFile; fileRef = E96032CC2B8815DD00F026B5 /* RouteDetailsModel.swift */; };
		E96032CF2B8815FB00F026B5 /* PlaceDetailsModel.swift in Sources */ = {isa = PBXBuildFile; fileRef = E96032CE2B8815FB00F026B5 /* PlaceDetailsModel.swift */; };
		E96032D12B8816E300F026B5 /* PlaceDetailsBottomSheetViewController.swift in Sources */ = {isa = PBXBuildFile; fileRef = E96032D02B8816E300F026B5 /* PlaceDetailsBottomSheetViewController.swift */; };
		E96032D82B8A2E2500F026B5 /* PreparedRouteCard.swift in Sources */ = {isa = PBXBuildFile; fileRef = E96032D72B8A2E2500F026B5 /* PreparedRouteCard.swift */; };
		E96949272B7E0D8600622949 /* UIButton.swift in Sources */ = {isa = PBXBuildFile; fileRef = E96949262B7E0D8600622949 /* UIButton.swift */; };
		E96949292B7EA71400622949 /* HomeScreenView.swift in Sources */ = {isa = PBXBuildFile; fileRef = E96949282B7EA71400622949 /* HomeScreenView.swift */; };
		E969492B2B7EAAFE00622949 /* ItemCardCollectionViewCell.swift in Sources */ = {isa = PBXBuildFile; fileRef = E969492A2B7EAAFE00622949 /* ItemCardCollectionViewCell.swift */; };
		E969492E2B7EABAF00622949 /* UIView.swift in Sources */ = {isa = PBXBuildFile; fileRef = E969492D2B7EABAF00622949 /* UIView.swift */; };
		E96949302B7ED24F00622949 /* Montserrat-Regular.ttf in Resources */ = {isa = PBXBuildFile; fileRef = E969492F2B7ED24F00622949 /* Montserrat-Regular.ttf */; };
		E96949322B7ED25F00622949 /* Montserrat-Medium.ttf in Resources */ = {isa = PBXBuildFile; fileRef = E96949312B7ED25F00622949 /* Montserrat-Medium.ttf */; };
		E96949342B7ED27C00622949 /* Montserrat-Black.ttf in Resources */ = {isa = PBXBuildFile; fileRef = E96949332B7ED27C00622949 /* Montserrat-Black.ttf */; };
		E969493D2B80AA3800622949 /* Montserrat-ExtraLight.ttf in Resources */ = {isa = PBXBuildFile; fileRef = E96949372B80AA3700622949 /* Montserrat-ExtraLight.ttf */; };
		E969493E2B80AA3800622949 /* Montserrat-Thin.ttf in Resources */ = {isa = PBXBuildFile; fileRef = E96949382B80AA3700622949 /* Montserrat-Thin.ttf */; };
		E969493F2B80AA3800622949 /* Montserrat-Light.ttf in Resources */ = {isa = PBXBuildFile; fileRef = E96949392B80AA3700622949 /* Montserrat-Light.ttf */; };
		E96949402B80AA3800622949 /* Montserrat-Bold.ttf in Resources */ = {isa = PBXBuildFile; fileRef = E969493A2B80AA3800622949 /* Montserrat-Bold.ttf */; };
		E96949412B80AA3800622949 /* Montserrat-ExtraBold.ttf in Resources */ = {isa = PBXBuildFile; fileRef = E969493B2B80AA3800622949 /* Montserrat-ExtraBold.ttf */; };
		E96949422B80AA3800622949 /* Montserrat-SemiBold.ttf in Resources */ = {isa = PBXBuildFile; fileRef = E969493C2B80AA3800622949 /* Montserrat-SemiBold.ttf */; };
		E96949442B812F2200622949 /* ItemCardModel.swift in Sources */ = {isa = PBXBuildFile; fileRef = E96949432B812F2200622949 /* ItemCardModel.swift */; };
		E9C73BBE2B6973F700E531AB /* AppDelegate.swift in Sources */ = {isa = PBXBuildFile; fileRef = E9C73BBD2B6973F700E531AB /* AppDelegate.swift */; };
		E9C73BC02B6973F700E531AB /* SceneDelegate.swift in Sources */ = {isa = PBXBuildFile; fileRef = E9C73BBF2B6973F700E531AB /* SceneDelegate.swift */; };
		E9C73BC22B6973F700E531AB /* HomeScreenViewController.swift in Sources */ = {isa = PBXBuildFile; fileRef = E9C73BC12B6973F700E531AB /* HomeScreenViewController.swift */; };
		E9C73BC72B6973F900E531AB /* Assets.xcassets in Resources */ = {isa = PBXBuildFile; fileRef = E9C73BC62B6973F900E531AB /* Assets.xcassets */; };
		E9C73BCA2B6973F900E531AB /* LaunchScreen.storyboard in Resources */ = {isa = PBXBuildFile; fileRef = E9C73BC82B6973F900E531AB /* LaunchScreen.storyboard */; };
		E9C73BD82B69802F00E531AB /* UIColor.swift in Sources */ = {isa = PBXBuildFile; fileRef = E9C73BD72B69802E00E531AB /* UIColor.swift */; };
		E9ED79CE2B83DF5200F4D4EE /* NewRouteSettingsViewController.swift in Sources */ = {isa = PBXBuildFile; fileRef = E9ED79CD2B83DF5200F4D4EE /* NewRouteSettingsViewController.swift */; };
		E9ED79D42B83E49C00F4D4EE /* NewRouteSettingsView.swift in Sources */ = {isa = PBXBuildFile; fileRef = E9ED79D32B83E49C00F4D4EE /* NewRouteSettingsView.swift */; };
		E9FE95CB2B86BB8A009694EC /* UISwipeActionsConfiguration.swift in Sources */ = {isa = PBXBuildFile; fileRef = E9FE95CA2B86BB8A009694EC /* UISwipeActionsConfiguration.swift */; };
		E9FE95CD2B877CB6009694EC /* UINavigationBarAppearance.swift in Sources */ = {isa = PBXBuildFile; fileRef = E9FE95CC2B877CB6009694EC /* UINavigationBarAppearance.swift */; };
		E9FE95CF2B8782E1009694EC /* UINavigationController.swift in Sources */ = {isa = PBXBuildFile; fileRef = E9FE95CE2B8782E1009694EC /* UINavigationController.swift */; };
		E9FE95D12B878552009694EC /* Constants.swift in Sources */ = {isa = PBXBuildFile; fileRef = E9FE95D02B878552009694EC /* Constants.swift */; };
		E9FE95D32B87BFC2009694EC /* RouteDetailsBottomSheetViewController.swift in Sources */ = {isa = PBXBuildFile; fileRef = E9FE95D22B87BFC2009694EC /* RouteDetailsBottomSheetViewController.swift */; };
		E9FE95D62B87F08D009694EC /* RouteDetailsBottomSheetView.swift in Sources */ = {isa = PBXBuildFile; fileRef = E9FE95D52B87F08D009694EC /* RouteDetailsBottomSheetView.swift */; };
/* End PBXBuildFile section */

/* Begin PBXFileReference section */
		E9055A2E2B817F2E006CF2BE /* HSCycleGalleryViewLayout.swift */ = {isa = PBXFileReference; fileEncoding = 4; lastKnownFileType = sourcecode.swift; path = HSCycleGalleryViewLayout.swift; sourceTree = "<group>"; };
		E9055A2F2B817F2E006CF2BE /* HSCycleGalleryView.swift */ = {isa = PBXFileReference; fileEncoding = 4; lastKnownFileType = sourcecode.swift; path = HSCycleGalleryView.swift; sourceTree = "<group>"; };
		E93A328E2B84A55400C1BBB7 /* AllRecommendationsViewController.swift */ = {isa = PBXFileReference; lastKnownFileType = sourcecode.swift; path = AllRecommendationsViewController.swift; sourceTree = "<group>"; };
		E93A32922B84A5B800C1BBB7 /* AllRecommendationsView.swift */ = {isa = PBXFileReference; lastKnownFileType = sourcecode.swift; path = AllRecommendationsView.swift; sourceTree = "<group>"; };
		E93A32982B85EDFA00C1BBB7 /* ItemCardTableViewCell.swift */ = {isa = PBXFileReference; lastKnownFileType = sourcecode.swift; path = ItemCardTableViewCell.swift; sourceTree = "<group>"; };
		E93A329D2B86703D00C1BBB7 /* ItemCardTemplate.swift */ = {isa = PBXFileReference; lastKnownFileType = sourcecode.swift; path = ItemCardTemplate.swift; sourceTree = "<group>"; };
		E96032CA2B88148800F026B5 /* PlaceDetailsBottomSheetView.swift */ = {isa = PBXFileReference; lastKnownFileType = sourcecode.swift; path = PlaceDetailsBottomSheetView.swift; sourceTree = "<group>"; };
		E96032CC2B8815DD00F026B5 /* RouteDetailsModel.swift */ = {isa = PBXFileReference; lastKnownFileType = sourcecode.swift; path = RouteDetailsModel.swift; sourceTree = "<group>"; };
		E96032CE2B8815FB00F026B5 /* PlaceDetailsModel.swift */ = {isa = PBXFileReference; lastKnownFileType = sourcecode.swift; path = PlaceDetailsModel.swift; sourceTree = "<group>"; };
		E96032D02B8816E300F026B5 /* PlaceDetailsBottomSheetViewController.swift */ = {isa = PBXFileReference; lastKnownFileType = sourcecode.swift; path = PlaceDetailsBottomSheetViewController.swift; sourceTree = "<group>"; };
		E96032D72B8A2E2500F026B5 /* PreparedRouteCard.swift */ = {isa = PBXFileReference; lastKnownFileType = sourcecode.swift; path = PreparedRouteCard.swift; sourceTree = "<group>"; };
		E96949262B7E0D8600622949 /* UIButton.swift */ = {isa = PBXFileReference; lastKnownFileType = sourcecode.swift; path = UIButton.swift; sourceTree = "<group>"; };
		E96949282B7EA71400622949 /* HomeScreenView.swift */ = {isa = PBXFileReference; lastKnownFileType = sourcecode.swift; path = HomeScreenView.swift; sourceTree = "<group>"; };
		E969492A2B7EAAFE00622949 /* ItemCardCollectionViewCell.swift */ = {isa = PBXFileReference; lastKnownFileType = sourcecode.swift; path = ItemCardCollectionViewCell.swift; sourceTree = "<group>"; };
		E969492D2B7EABAF00622949 /* UIView.swift */ = {isa = PBXFileReference; lastKnownFileType = sourcecode.swift; path = UIView.swift; sourceTree = "<group>"; };
		E969492F2B7ED24F00622949 /* Montserrat-Regular.ttf */ = {isa = PBXFileReference; lastKnownFileType = file; path = "Montserrat-Regular.ttf"; sourceTree = "<group>"; };
		E96949312B7ED25F00622949 /* Montserrat-Medium.ttf */ = {isa = PBXFileReference; lastKnownFileType = file; path = "Montserrat-Medium.ttf"; sourceTree = "<group>"; };
		E96949332B7ED27C00622949 /* Montserrat-Black.ttf */ = {isa = PBXFileReference; lastKnownFileType = file; path = "Montserrat-Black.ttf"; sourceTree = "<group>"; };
		E96949372B80AA3700622949 /* Montserrat-ExtraLight.ttf */ = {isa = PBXFileReference; lastKnownFileType = file; path = "Montserrat-ExtraLight.ttf"; sourceTree = "<group>"; };
		E96949382B80AA3700622949 /* Montserrat-Thin.ttf */ = {isa = PBXFileReference; lastKnownFileType = file; path = "Montserrat-Thin.ttf"; sourceTree = "<group>"; };
		E96949392B80AA3700622949 /* Montserrat-Light.ttf */ = {isa = PBXFileReference; lastKnownFileType = file; path = "Montserrat-Light.ttf"; sourceTree = "<group>"; };
		E969493A2B80AA3800622949 /* Montserrat-Bold.ttf */ = {isa = PBXFileReference; lastKnownFileType = file; path = "Montserrat-Bold.ttf"; sourceTree = "<group>"; };
		E969493B2B80AA3800622949 /* Montserrat-ExtraBold.ttf */ = {isa = PBXFileReference; lastKnownFileType = file; path = "Montserrat-ExtraBold.ttf"; sourceTree = "<group>"; };
		E969493C2B80AA3800622949 /* Montserrat-SemiBold.ttf */ = {isa = PBXFileReference; lastKnownFileType = file; path = "Montserrat-SemiBold.ttf"; sourceTree = "<group>"; };
		E96949432B812F2200622949 /* ItemCardModel.swift */ = {isa = PBXFileReference; lastKnownFileType = sourcecode.swift; path = ItemCardModel.swift; sourceTree = "<group>"; };
		E9C73BBA2B6973F700E531AB /* TripNN.app */ = {isa = PBXFileReference; explicitFileType = wrapper.application; includeInIndex = 0; path = TripNN.app; sourceTree = BUILT_PRODUCTS_DIR; };
		E9C73BBD2B6973F700E531AB /* AppDelegate.swift */ = {isa = PBXFileReference; lastKnownFileType = sourcecode.swift; path = AppDelegate.swift; sourceTree = "<group>"; };
		E9C73BBF2B6973F700E531AB /* SceneDelegate.swift */ = {isa = PBXFileReference; lastKnownFileType = sourcecode.swift; path = SceneDelegate.swift; sourceTree = "<group>"; };
		E9C73BC12B6973F700E531AB /* HomeScreenViewController.swift */ = {isa = PBXFileReference; lastKnownFileType = sourcecode.swift; path = HomeScreenViewController.swift; sourceTree = "<group>"; };
		E9C73BC62B6973F900E531AB /* Assets.xcassets */ = {isa = PBXFileReference; lastKnownFileType = folder.assetcatalog; path = Assets.xcassets; sourceTree = "<group>"; };
		E9C73BC92B6973F900E531AB /* Base */ = {isa = PBXFileReference; lastKnownFileType = file.storyboard; name = Base; path = Base.lproj/LaunchScreen.storyboard; sourceTree = "<group>"; };
		E9C73BCB2B6973F900E531AB /* Info.plist */ = {isa = PBXFileReference; lastKnownFileType = text.plist.xml; path = Info.plist; sourceTree = "<group>"; };
		E9C73BD72B69802E00E531AB /* UIColor.swift */ = {isa = PBXFileReference; lastKnownFileType = sourcecode.swift; path = UIColor.swift; sourceTree = "<group>"; };
		E9ED79CD2B83DF5200F4D4EE /* NewRouteSettingsViewController.swift */ = {isa = PBXFileReference; lastKnownFileType = sourcecode.swift; path = NewRouteSettingsViewController.swift; sourceTree = "<group>"; };
		E9ED79D32B83E49C00F4D4EE /* NewRouteSettingsView.swift */ = {isa = PBXFileReference; lastKnownFileType = sourcecode.swift; path = NewRouteSettingsView.swift; sourceTree = "<group>"; };
		E9FE95CA2B86BB8A009694EC /* UISwipeActionsConfiguration.swift */ = {isa = PBXFileReference; lastKnownFileType = sourcecode.swift; path = UISwipeActionsConfiguration.swift; sourceTree = "<group>"; };
		E9FE95CC2B877CB6009694EC /* UINavigationBarAppearance.swift */ = {isa = PBXFileReference; lastKnownFileType = sourcecode.swift; path = UINavigationBarAppearance.swift; sourceTree = "<group>"; };
		E9FE95CE2B8782E1009694EC /* UINavigationController.swift */ = {isa = PBXFileReference; lastKnownFileType = sourcecode.swift; path = UINavigationController.swift; sourceTree = "<group>"; };
		E9FE95D02B878552009694EC /* Constants.swift */ = {isa = PBXFileReference; lastKnownFileType = sourcecode.swift; path = Constants.swift; sourceTree = "<group>"; };
		E9FE95D22B87BFC2009694EC /* RouteDetailsBottomSheetViewController.swift */ = {isa = PBXFileReference; lastKnownFileType = sourcecode.swift; path = RouteDetailsBottomSheetViewController.swift; sourceTree = "<group>"; };
		E9FE95D52B87F08D009694EC /* RouteDetailsBottomSheetView.swift */ = {isa = PBXFileReference; lastKnownFileType = sourcecode.swift; path = RouteDetailsBottomSheetView.swift; sourceTree = "<group>"; };
/* End PBXFileReference section */

/* Begin PBXFrameworksBuildPhase section */
		E9C73BB72B6973F700E531AB /* Frameworks */ = {
			isa = PBXFrameworksBuildPhase;
			buildActionMask = 2147483647;
			files = (
			);
			runOnlyForDeploymentPostprocessing = 0;
		};
/* End PBXFrameworksBuildPhase section */

/* Begin PBXGroup section */
		E9055A2C2B817F2E006CF2BE /* HSCycleGalleryView */ = {
			isa = PBXGroup;
			children = (
				E9055A2E2B817F2E006CF2BE /* HSCycleGalleryViewLayout.swift */,
				E9055A2F2B817F2E006CF2BE /* HSCycleGalleryView.swift */,
			);
			path = HSCycleGalleryView;
			sourceTree = "<group>";
		};
		E93A329A2B85EE2B00C1BBB7 /* ItemCard */ = {
			isa = PBXGroup;
			children = (
				E96032DA2B8A2E3B00F026B5 /* Cell */,
				E96032D92B8A2E2D00F026B5 /* View */,
			);
			path = ItemCard;
			sourceTree = "<group>";
		};
		E96032D22B8A161B00F026B5 /* HomeScreen */ = {
			isa = PBXGroup;
			children = (
				E96949282B7EA71400622949 /* HomeScreenView.swift */,
				E9C73BC12B6973F700E531AB /* HomeScreenViewController.swift */,
			);
			path = HomeScreen;
			sourceTree = "<group>";
		};
		E96032D32B8A163400F026B5 /* AllRecommendations */ = {
			isa = PBXGroup;
			children = (
				E93A32922B84A5B800C1BBB7 /* AllRecommendationsView.swift */,
				E93A328E2B84A55400C1BBB7 /* AllRecommendationsViewController.swift */,
			);
			path = AllRecommendations;
			sourceTree = "<group>";
		};
		E96032D42B8A167C00F026B5 /* NewRouteSettings */ = {
			isa = PBXGroup;
			children = (
				E9ED79D32B83E49C00F4D4EE /* NewRouteSettingsView.swift */,
				E9ED79CD2B83DF5200F4D4EE /* NewRouteSettingsViewController.swift */,
			);
			path = NewRouteSettings;
			sourceTree = "<group>";
		};
		E96032D52B8A169600F026B5 /* PlaceDetailsBottomSheet */ = {
			isa = PBXGroup;
			children = (
				E96032CA2B88148800F026B5 /* PlaceDetailsBottomSheetView.swift */,
				E96032D02B8816E300F026B5 /* PlaceDetailsBottomSheetViewController.swift */,
			);
			path = PlaceDetailsBottomSheet;
			sourceTree = "<group>";
		};
		E96032D62B8A16AB00F026B5 /* RouteDetailsBottomSheet */ = {
			isa = PBXGroup;
			children = (
				E9FE95D52B87F08D009694EC /* RouteDetailsBottomSheetView.swift */,
				E9FE95D22B87BFC2009694EC /* RouteDetailsBottomSheetViewController.swift */,
			);
			path = RouteDetailsBottomSheet;
			sourceTree = "<group>";
		};
		E96032D92B8A2E2D00F026B5 /* View */ = {
			isa = PBXGroup;
			children = (
				E93A329D2B86703D00C1BBB7 /* ItemCardTemplate.swift */,
				E96032D72B8A2E2500F026B5 /* PreparedRouteCard.swift */,
			);
			path = View;
			sourceTree = "<group>";
		};
		E96032DA2B8A2E3B00F026B5 /* Cell */ = {
			isa = PBXGroup;
			children = (
				E93A32982B85EDFA00C1BBB7 /* ItemCardTableViewCell.swift */,
				E969492A2B7EAAFE00622949 /* ItemCardCollectionViewCell.swift */,
			);
			path = Cell;
			sourceTree = "<group>";
		};
		E96949202B7D2F2700622949 /* Models */ = {
			isa = PBXGroup;
			children = (
				E96949432B812F2200622949 /* ItemCardModel.swift */,
				E96032CC2B8815DD00F026B5 /* RouteDetailsModel.swift */,
				E96032CE2B8815FB00F026B5 /* PlaceDetailsModel.swift */,
			);
			path = Models;
			sourceTree = "<group>";
		};
		E96949232B7D582A00622949 /* Modules */ = {
			isa = PBXGroup;
			children = (
				E96032D22B8A161B00F026B5 /* HomeScreen */,
				E96032D42B8A167C00F026B5 /* NewRouteSettings */,
				E96032D32B8A163400F026B5 /* AllRecommendations */,
				E96032D62B8A16AB00F026B5 /* RouteDetailsBottomSheet */,
				E96032D52B8A169600F026B5 /* PlaceDetailsBottomSheet */,
			);
			path = Modules;
			sourceTree = "<group>";
		};
		E96949242B7D5B0500622949 /* Common */ = {
			isa = PBXGroup;
			children = (
				E9FE95D02B878552009694EC /* Constants.swift */,
				E9C73BCB2B6973F900E531AB /* Info.plist */,
				E9C73BC82B6973F900E531AB /* LaunchScreen.storyboard */,
				E9C73BBD2B6973F700E531AB /* AppDelegate.swift */,
				E9C73BBF2B6973F700E531AB /* SceneDelegate.swift */,
			);
			path = Common;
			sourceTree = "<group>";
		};
		E96949252B7E0D6A00622949 /* Extantions */ = {
			isa = PBXGroup;
			children = (
				E9FE95CA2B86BB8A009694EC /* UISwipeActionsConfiguration.swift */,
				E9FE95CC2B877CB6009694EC /* UINavigationBarAppearance.swift */,
				E9FE95CE2B8782E1009694EC /* UINavigationController.swift */,
				E96949262B7E0D8600622949 /* UIButton.swift */,
				E969492D2B7EABAF00622949 /* UIView.swift */,
				E9C73BD72B69802E00E531AB /* UIColor.swift */,
			);
			path = Extantions;
			sourceTree = "<group>";
		};
		E969492C2B7EAB2D00622949 /* UI-Elements */ = {
			isa = PBXGroup;
			children = (
				E9055A2C2B817F2E006CF2BE /* HSCycleGalleryView */,
				E93A329A2B85EE2B00C1BBB7 /* ItemCard */,
			);
			path = "UI-Elements";
			sourceTree = "<group>";
		};
		E9C73BB12B6973F700E531AB = {
			isa = PBXGroup;
			children = (
				E9C73BBC2B6973F700E531AB /* TripNN */,
				E9C73BBB2B6973F700E531AB /* Products */,
			);
			sourceTree = "<group>";
		};
		E9C73BBB2B6973F700E531AB /* Products */ = {
			isa = PBXGroup;
			children = (
				E9C73BBA2B6973F700E531AB /* TripNN.app */,
			);
			name = Products;
			sourceTree = "<group>";
		};
		E9C73BBC2B6973F700E531AB /* TripNN */ = {
			isa = PBXGroup;
			children = (
				E96949252B7E0D6A00622949 /* Extantions */,
				E96949242B7D5B0500622949 /* Common */,
				E969492C2B7EAB2D00622949 /* UI-Elements */,
				E96949202B7D2F2700622949 /* Models */,
				E96949232B7D582A00622949 /* Modules */,
				E9C73BD12B69750C00E531AB /* Resourses */,
			);
			path = TripNN;
			sourceTree = "<group>";
		};
		E9C73BD12B69750C00E531AB /* Resourses */ = {
			isa = PBXGroup;
			children = (
				E9C73BD62B69780100E531AB /* Fonts */,
				E9C73BC62B6973F900E531AB /* Assets.xcassets */,
			);
			path = Resourses;
			sourceTree = "<group>";
		};
		E9C73BD62B69780100E531AB /* Fonts */ = {
			isa = PBXGroup;
			children = (
				E969493A2B80AA3800622949 /* Montserrat-Bold.ttf */,
				E969493B2B80AA3800622949 /* Montserrat-ExtraBold.ttf */,
				E96949372B80AA3700622949 /* Montserrat-ExtraLight.ttf */,
				E96949392B80AA3700622949 /* Montserrat-Light.ttf */,
				E969493C2B80AA3800622949 /* Montserrat-SemiBold.ttf */,
				E96949382B80AA3700622949 /* Montserrat-Thin.ttf */,
				E96949332B7ED27C00622949 /* Montserrat-Black.ttf */,
				E969492F2B7ED24F00622949 /* Montserrat-Regular.ttf */,
				E96949312B7ED25F00622949 /* Montserrat-Medium.ttf */,
			);
			path = Fonts;
			sourceTree = "<group>";
		};
/* End PBXGroup section */

/* Begin PBXNativeTarget section */
		E9C73BB92B6973F700E531AB /* TripNN */ = {
			isa = PBXNativeTarget;
			buildConfigurationList = E9C73BCE2B6973F900E531AB /* Build configuration list for PBXNativeTarget "TripNN" */;
			buildPhases = (
				E9C73BB62B6973F700E531AB /* Sources */,
				E9C73BB72B6973F700E531AB /* Frameworks */,
				E9C73BB82B6973F700E531AB /* Resources */,
			);
			buildRules = (
			);
			dependencies = (
			);
			name = TripNN;
			productName = TripNN;
			productReference = E9C73BBA2B6973F700E531AB /* TripNN.app */;
			productType = "com.apple.product-type.application";
		};
/* End PBXNativeTarget section */

/* Begin PBXProject section */
		E9C73BB22B6973F700E531AB /* Project object */ = {
			isa = PBXProject;
			attributes = {
				BuildIndependentTargetsInParallel = 1;
				LastSwiftUpdateCheck = 1520;
				LastUpgradeCheck = 1520;
				TargetAttributes = {
					E9C73BB92B6973F700E531AB = {
						CreatedOnToolsVersion = 15.2;
					};
				};
			};
			buildConfigurationList = E9C73BB52B6973F700E531AB /* Build configuration list for PBXProject "TripNN" */;
			compatibilityVersion = "Xcode 14.0";
			developmentRegion = en;
			hasScannedForEncodings = 0;
			knownRegions = (
				en,
				Base,
			);
			mainGroup = E9C73BB12B6973F700E531AB;
			productRefGroup = E9C73BBB2B6973F700E531AB /* Products */;
			projectDirPath = "";
			projectRoot = "";
			targets = (
				E9C73BB92B6973F700E531AB /* TripNN */,
			);
		};
/* End PBXProject section */

/* Begin PBXResourcesBuildPhase section */
		E9C73BB82B6973F700E531AB /* Resources */ = {
			isa = PBXResourcesBuildPhase;
			buildActionMask = 2147483647;
			files = (
				E96949402B80AA3800622949 /* Montserrat-Bold.ttf in Resources */,
				E96949302B7ED24F00622949 /* Montserrat-Regular.ttf in Resources */,
				E96949322B7ED25F00622949 /* Montserrat-Medium.ttf in Resources */,
				E9C73BCA2B6973F900E531AB /* LaunchScreen.storyboard in Resources */,
				E969493F2B80AA3800622949 /* Montserrat-Light.ttf in Resources */,
				E969493D2B80AA3800622949 /* Montserrat-ExtraLight.ttf in Resources */,
				E96949422B80AA3800622949 /* Montserrat-SemiBold.ttf in Resources */,
				E9C73BC72B6973F900E531AB /* Assets.xcassets in Resources */,
				E96949412B80AA3800622949 /* Montserrat-ExtraBold.ttf in Resources */,
				E969493E2B80AA3800622949 /* Montserrat-Thin.ttf in Resources */,
				E96949342B7ED27C00622949 /* Montserrat-Black.ttf in Resources */,
			);
			runOnlyForDeploymentPostprocessing = 0;
		};
/* End PBXResourcesBuildPhase section */

/* Begin PBXSourcesBuildPhase section */
		E9C73BB62B6973F700E531AB /* Sources */ = {
			isa = PBXSourcesBuildPhase;
			buildActionMask = 2147483647;
			files = (
				E969492E2B7EABAF00622949 /* UIView.swift in Sources */,
				E9FE95CF2B8782E1009694EC /* UINavigationController.swift in Sources */,
				E96949272B7E0D8600622949 /* UIButton.swift in Sources */,
				E9C73BC22B6973F700E531AB /* HomeScreenViewController.swift in Sources */,
				E96949442B812F2200622949 /* ItemCardModel.swift in Sources */,
				E93A329E2B86703D00C1BBB7 /* ItemCardTemplate.swift in Sources */,
				E96032D82B8A2E2500F026B5 /* PreparedRouteCard.swift in Sources */,
				E9055A312B817F2E006CF2BE /* HSCycleGalleryView.swift in Sources */,
				E93A32992B85EDFA00C1BBB7 /* ItemCardTableViewCell.swift in Sources */,
				E9C73BBE2B6973F700E531AB /* AppDelegate.swift in Sources */,
				E9FE95CD2B877CB6009694EC /* UINavigationBarAppearance.swift in Sources */,
				E9FE95D32B87BFC2009694EC /* RouteDetailsBottomSheetViewController.swift in Sources */,
				E93A32932B84A5B800C1BBB7 /* AllRecommendationsView.swift in Sources */,
				E9FE95D62B87F08D009694EC /* RouteDetailsBottomSheetView.swift in Sources */,
				E9FE95D12B878552009694EC /* Constants.swift in Sources */,
				E969492B2B7EAAFE00622949 /* ItemCardCollectionViewCell.swift in Sources */,
				E96949292B7EA71400622949 /* HomeScreenView.swift in Sources */,
				E96032CF2B8815FB00F026B5 /* PlaceDetailsModel.swift in Sources */,
				E96032D12B8816E300F026B5 /* PlaceDetailsBottomSheetViewController.swift in Sources */,
				E9C73BC02B6973F700E531AB /* SceneDelegate.swift in Sources */,
				E96032CD2B8815DD00F026B5 /* RouteDetailsModel.swift in Sources */,
				E9FE95CB2B86BB8A009694EC /* UISwipeActionsConfiguration.swift in Sources */,
				E96032CB2B88148800F026B5 /* PlaceDetailsBottomSheetView.swift in Sources */,
				E9C73BD82B69802F00E531AB /* UIColor.swift in Sources */,
				E9ED79CE2B83DF5200F4D4EE /* NewRouteSettingsViewController.swift in Sources */,
				E9ED79D42B83E49C00F4D4EE /* NewRouteSettingsView.swift in Sources */,
				E9055A302B817F2E006CF2BE /* HSCycleGalleryViewLayout.swift in Sources */,
				E93A328F2B84A55400C1BBB7 /* AllRecommendationsViewController.swift in Sources */,
			);
			runOnlyForDeploymentPostprocessing = 0;
		};
/* End PBXSourcesBuildPhase section */

/* Begin PBXVariantGroup section */
		E9C73BC82B6973F900E531AB /* LaunchScreen.storyboard */ = {
			isa = PBXVariantGroup;
			children = (
				E9C73BC92B6973F900E531AB /* Base */,
			);
			name = LaunchScreen.storyboard;
			sourceTree = "<group>";
		};
/* End PBXVariantGroup section */

/* Begin XCBuildConfiguration section */
		E9C73BCC2B6973F900E531AB /* Debug */ = {
			isa = XCBuildConfiguration;
			buildSettings = {
				ALWAYS_SEARCH_USER_PATHS = NO;
				ASSETCATALOG_COMPILER_GENERATE_SWIFT_ASSET_SYMBOL_EXTENSIONS = YES;
				CLANG_ANALYZER_NONNULL = YES;
				CLANG_ANALYZER_NUMBER_OBJECT_CONVERSION = YES_AGGRESSIVE;
				CLANG_CXX_LANGUAGE_STANDARD = "gnu++20";
				CLANG_ENABLE_MODULES = YES;
				CLANG_ENABLE_OBJC_ARC = YES;
				CLANG_ENABLE_OBJC_WEAK = YES;
				CLANG_WARN_BLOCK_CAPTURE_AUTORELEASING = YES;
				CLANG_WARN_BOOL_CONVERSION = YES;
				CLANG_WARN_COMMA = YES;
				CLANG_WARN_CONSTANT_CONVERSION = YES;
				CLANG_WARN_DEPRECATED_OBJC_IMPLEMENTATIONS = YES;
				CLANG_WARN_DIRECT_OBJC_ISA_USAGE = YES_ERROR;
				CLANG_WARN_DOCUMENTATION_COMMENTS = YES;
				CLANG_WARN_EMPTY_BODY = YES;
				CLANG_WARN_ENUM_CONVERSION = YES;
				CLANG_WARN_INFINITE_RECURSION = YES;
				CLANG_WARN_INT_CONVERSION = YES;
				CLANG_WARN_NON_LITERAL_NULL_CONVERSION = YES;
				CLANG_WARN_OBJC_IMPLICIT_RETAIN_SELF = YES;
				CLANG_WARN_OBJC_LITERAL_CONVERSION = YES;
				CLANG_WARN_OBJC_ROOT_CLASS = YES_ERROR;
				CLANG_WARN_QUOTED_INCLUDE_IN_FRAMEWORK_HEADER = YES;
				CLANG_WARN_RANGE_LOOP_ANALYSIS = YES;
				CLANG_WARN_STRICT_PROTOTYPES = YES;
				CLANG_WARN_SUSPICIOUS_MOVE = YES;
				CLANG_WARN_UNGUARDED_AVAILABILITY = YES_AGGRESSIVE;
				CLANG_WARN_UNREACHABLE_CODE = YES;
				CLANG_WARN__DUPLICATE_METHOD_MATCH = YES;
				COPY_PHASE_STRIP = NO;
				DEBUG_INFORMATION_FORMAT = dwarf;
				ENABLE_STRICT_OBJC_MSGSEND = YES;
				ENABLE_TESTABILITY = YES;
				ENABLE_USER_SCRIPT_SANDBOXING = YES;
				GCC_C_LANGUAGE_STANDARD = gnu17;
				GCC_DYNAMIC_NO_PIC = NO;
				GCC_NO_COMMON_BLOCKS = YES;
				GCC_OPTIMIZATION_LEVEL = 0;
				GCC_PREPROCESSOR_DEFINITIONS = (
					"DEBUG=1",
					"$(inherited)",
				);
				GCC_WARN_64_TO_32_BIT_CONVERSION = YES;
				GCC_WARN_ABOUT_RETURN_TYPE = YES_ERROR;
				GCC_WARN_UNDECLARED_SELECTOR = YES;
				GCC_WARN_UNINITIALIZED_AUTOS = YES_AGGRESSIVE;
				GCC_WARN_UNUSED_FUNCTION = YES;
				GCC_WARN_UNUSED_VARIABLE = YES;
				IPHONEOS_DEPLOYMENT_TARGET = 15.0;
				LOCALIZATION_PREFERS_STRING_CATALOGS = YES;
				MTL_ENABLE_DEBUG_INFO = INCLUDE_SOURCE;
				MTL_FAST_MATH = YES;
				ONLY_ACTIVE_ARCH = YES;
				SDKROOT = iphoneos;
				SWIFT_ACTIVE_COMPILATION_CONDITIONS = "DEBUG $(inherited)";
				SWIFT_OPTIMIZATION_LEVEL = "-Onone";
			};
			name = Debug;
		};
		E9C73BCD2B6973F900E531AB /* Release */ = {
			isa = XCBuildConfiguration;
			buildSettings = {
				ALWAYS_SEARCH_USER_PATHS = NO;
				ASSETCATALOG_COMPILER_GENERATE_SWIFT_ASSET_SYMBOL_EXTENSIONS = YES;
				CLANG_ANALYZER_NONNULL = YES;
				CLANG_ANALYZER_NUMBER_OBJECT_CONVERSION = YES_AGGRESSIVE;
				CLANG_CXX_LANGUAGE_STANDARD = "gnu++20";
				CLANG_ENABLE_MODULES = YES;
				CLANG_ENABLE_OBJC_ARC = YES;
				CLANG_ENABLE_OBJC_WEAK = YES;
				CLANG_WARN_BLOCK_CAPTURE_AUTORELEASING = YES;
				CLANG_WARN_BOOL_CONVERSION = YES;
				CLANG_WARN_COMMA = YES;
				CLANG_WARN_CONSTANT_CONVERSION = YES;
				CLANG_WARN_DEPRECATED_OBJC_IMPLEMENTATIONS = YES;
				CLANG_WARN_DIRECT_OBJC_ISA_USAGE = YES_ERROR;
				CLANG_WARN_DOCUMENTATION_COMMENTS = YES;
				CLANG_WARN_EMPTY_BODY = YES;
				CLANG_WARN_ENUM_CONVERSION = YES;
				CLANG_WARN_INFINITE_RECURSION = YES;
				CLANG_WARN_INT_CONVERSION = YES;
				CLANG_WARN_NON_LITERAL_NULL_CONVERSION = YES;
				CLANG_WARN_OBJC_IMPLICIT_RETAIN_SELF = YES;
				CLANG_WARN_OBJC_LITERAL_CONVERSION = YES;
				CLANG_WARN_OBJC_ROOT_CLASS = YES_ERROR;
				CLANG_WARN_QUOTED_INCLUDE_IN_FRAMEWORK_HEADER = YES;
				CLANG_WARN_RANGE_LOOP_ANALYSIS = YES;
				CLANG_WARN_STRICT_PROTOTYPES = YES;
				CLANG_WARN_SUSPICIOUS_MOVE = YES;
				CLANG_WARN_UNGUARDED_AVAILABILITY = YES_AGGRESSIVE;
				CLANG_WARN_UNREACHABLE_CODE = YES;
				CLANG_WARN__DUPLICATE_METHOD_MATCH = YES;
				COPY_PHASE_STRIP = NO;
				DEBUG_INFORMATION_FORMAT = "dwarf-with-dsym";
				ENABLE_NS_ASSERTIONS = NO;
				ENABLE_STRICT_OBJC_MSGSEND = YES;
				ENABLE_USER_SCRIPT_SANDBOXING = YES;
				GCC_C_LANGUAGE_STANDARD = gnu17;
				GCC_NO_COMMON_BLOCKS = YES;
				GCC_WARN_64_TO_32_BIT_CONVERSION = YES;
				GCC_WARN_ABOUT_RETURN_TYPE = YES_ERROR;
				GCC_WARN_UNDECLARED_SELECTOR = YES;
				GCC_WARN_UNINITIALIZED_AUTOS = YES_AGGRESSIVE;
				GCC_WARN_UNUSED_FUNCTION = YES;
				GCC_WARN_UNUSED_VARIABLE = YES;
				IPHONEOS_DEPLOYMENT_TARGET = 15.0;
				LOCALIZATION_PREFERS_STRING_CATALOGS = YES;
				MTL_ENABLE_DEBUG_INFO = NO;
				MTL_FAST_MATH = YES;
				SDKROOT = iphoneos;
				SWIFT_COMPILATION_MODE = wholemodule;
				VALIDATE_PRODUCT = YES;
			};
			name = Release;
		};
		E9C73BCF2B6973F900E531AB /* Debug */ = {
			isa = XCBuildConfiguration;
			buildSettings = {
				ASSETCATALOG_COMPILER_APPICON_NAME = AppIcon;
				ASSETCATALOG_COMPILER_GLOBAL_ACCENT_COLOR_NAME = AccentColor;
				CODE_SIGN_STYLE = Automatic;
				CURRENT_PROJECT_VERSION = 1;
				DEVELOPMENT_TEAM = ZYGWB3DRUK;
				GENERATE_INFOPLIST_FILE = YES;
				INFOPLIST_FILE = TripNN/Common/Info.plist;
				INFOPLIST_KEY_UIApplicationSupportsIndirectInputEvents = YES;
				INFOPLIST_KEY_UILaunchStoryboardName = LaunchScreen;
				INFOPLIST_KEY_UISupportedInterfaceOrientations = UIInterfaceOrientationPortrait;
				INFOPLIST_KEY_UISupportedInterfaceOrientations_iPad = "UIInterfaceOrientationLandscapeLeft UIInterfaceOrientationLandscapeRight UIInterfaceOrientationPortrait UIInterfaceOrientationPortraitUpsideDown";
				IPHONEOS_DEPLOYMENT_TARGET = 15.0;
				LD_RUNPATH_SEARCH_PATHS = (
					"$(inherited)",
					"@executable_path/Frameworks",
				);
				MARKETING_VERSION = 1.0;
				PRODUCT_BUNDLE_IDENTIFIER = ru.tniur.TripNN;
				PRODUCT_NAME = "$(TARGET_NAME)";
				SWIFT_EMIT_LOC_STRINGS = YES;
				SWIFT_VERSION = 5.0;
				TARGETED_DEVICE_FAMILY = 1;
			};
			name = Debug;
		};
		E9C73BD02B6973F900E531AB /* Release */ = {
			isa = XCBuildConfiguration;
			buildSettings = {
				ASSETCATALOG_COMPILER_APPICON_NAME = AppIcon;
				ASSETCATALOG_COMPILER_GLOBAL_ACCENT_COLOR_NAME = AccentColor;
				CODE_SIGN_STYLE = Automatic;
				CURRENT_PROJECT_VERSION = 1;
				DEVELOPMENT_TEAM = ZYGWB3DRUK;
				GENERATE_INFOPLIST_FILE = YES;
				INFOPLIST_FILE = TripNN/Common/Info.plist;
				INFOPLIST_KEY_UIApplicationSupportsIndirectInputEvents = YES;
				INFOPLIST_KEY_UILaunchStoryboardName = LaunchScreen;
				INFOPLIST_KEY_UISupportedInterfaceOrientations = UIInterfaceOrientationPortrait;
				INFOPLIST_KEY_UISupportedInterfaceOrientations_iPad = "UIInterfaceOrientationLandscapeLeft UIInterfaceOrientationLandscapeRight UIInterfaceOrientationPortrait UIInterfaceOrientationPortraitUpsideDown";
				IPHONEOS_DEPLOYMENT_TARGET = 15.0;
				LD_RUNPATH_SEARCH_PATHS = (
					"$(inherited)",
					"@executable_path/Frameworks",
				);
				MARKETING_VERSION = 1.0;
				PRODUCT_BUNDLE_IDENTIFIER = ru.tniur.TripNN;
				PRODUCT_NAME = "$(TARGET_NAME)";
				SWIFT_EMIT_LOC_STRINGS = YES;
				SWIFT_VERSION = 5.0;
				TARGETED_DEVICE_FAMILY = 1;
			};
			name = Release;
		};
/* End XCBuildConfiguration section */

/* Begin XCConfigurationList section */
		E9C73BB52B6973F700E531AB /* Build configuration list for PBXProject "TripNN" */ = {
			isa = XCConfigurationList;
			buildConfigurations = (
				E9C73BCC2B6973F900E531AB /* Debug */,
				E9C73BCD2B6973F900E531AB /* Release */,
			);
			defaultConfigurationIsVisible = 0;
			defaultConfigurationName = Release;
		};
		E9C73BCE2B6973F900E531AB /* Build configuration list for PBXNativeTarget "TripNN" */ = {
			isa = XCConfigurationList;
			buildConfigurations = (
				E9C73BCF2B6973F900E531AB /* Debug */,
				E9C73BD02B6973F900E531AB /* Release */,
			);
			defaultConfigurationIsVisible = 0;
			defaultConfigurationName = Release;
		};
/* End XCConfigurationList section */
	};
	rootObject = E9C73BB22B6973F700E531AB /* Project object */;
}
